// !$*UTF8*$!
{
	archiveVersion = 1;
	classes = {
	};
	objectVersion = 55;
	objects = {

/* Begin PBXBuildFile section */
		101012452B8CB77200C8B0B9 /* KashtatKApp.swift in Sources */ = {isa = PBXBuildFile; fileRef = 101012442B8CB77200C8B0B9 /* KashtatKApp.swift */; };
		101012472B8CB77200C8B0B9 /* HomeView.swift in Sources */ = {isa = PBXBuildFile; fileRef = 101012462B8CB77200C8B0B9 /* HomeView.swift */; };
		101012492B8CB77400C8B0B9 /* Assets.xcassets in Resources */ = {isa = PBXBuildFile; fileRef = 101012482B8CB77400C8B0B9 /* Assets.xcassets */; };
		1010124C2B8CB77400C8B0B9 /* Preview Assets.xcassets in Resources */ = {isa = PBXBuildFile; fileRef = 1010124B2B8CB77400C8B0B9 /* Preview Assets.xcassets */; };
		101C507E2B8CE86A00118257 /* Router.swift in Sources */ = {isa = PBXBuildFile; fileRef = 101C507D2B8CE86A00118257 /* Router.swift */; };
		101C50802B8CE8CA00118257 /* ViewSpec.swift in Sources */ = {isa = PBXBuildFile; fileRef = 101C507F2B8CE8CA00118257 /* ViewSpec.swift */; };
		101C50822B8CEAF100118257 /* Views.swift in Sources */ = {isa = PBXBuildFile; fileRef = 101C50812B8CEAF100118257 /* Views.swift */; };
		101C50862B8CEE3200118257 /* HomeRouter.swift in Sources */ = {isa = PBXBuildFile; fileRef = 101C50852B8CEE3200118257 /* HomeRouter.swift */; };
		101C50882B8CF9FD00118257 /* BaseNavigationStack.swift in Sources */ = {isa = PBXBuildFile; fileRef = 101C50872B8CF9FD00118257 /* BaseNavigationStack.swift */; };
		101C50962B8D14E600118257 /* Utilities.swift in Sources */ = {isa = PBXBuildFile; fileRef = 101C50952B8D14E600118257 /* Utilities.swift */; };
		101C50982B8D151F00118257 /* Constants.swift in Sources */ = {isa = PBXBuildFile; fileRef = 101C50972B8D151F00118257 /* Constants.swift */; };
		101C509A2B8D15A900118257 /* ThemeManager.swift in Sources */ = {isa = PBXBuildFile; fileRef = 101C50992B8D15A900118257 /* ThemeManager.swift */; };
		101C509D2B8E05E900118257 /* EndPoint+Provider.swift in Sources */ = {isa = PBXBuildFile; fileRef = 101C509C2B8E05E900118257 /* EndPoint+Provider.swift */; };
		101C509F2B8E068F00118257 /* API+Error.swift in Sources */ = {isa = PBXBuildFile; fileRef = 101C509E2B8E068F00118257 /* API+Error.swift */; };
		101C50A12B8E06BF00118257 /* Endpoints.swift in Sources */ = {isa = PBXBuildFile; fileRef = 101C50A02B8E06BF00118257 /* Endpoints.swift */; };
		101C50A32B8E071400118257 /* Types.swift in Sources */ = {isa = PBXBuildFile; fileRef = 101C50A22B8E071400118257 /* Types.swift */; };
		101C50A52B8E074200118257 /* API+Task.swift in Sources */ = {isa = PBXBuildFile; fileRef = 101C50A42B8E074200118257 /* API+Task.swift */; };
		101C50A72B8E0D5D00118257 /* ProductsModel.swift in Sources */ = {isa = PBXBuildFile; fileRef = 101C50A62B8E0D5D00118257 /* ProductsModel.swift */; };
		101C50A92B8E19BB00118257 /* EndPoint+Config.swift in Sources */ = {isa = PBXBuildFile; fileRef = 101C50A82B8E19BB00118257 /* EndPoint+Config.swift */; };
		102C62762B8F6E6A0064A17B /* CartModel.swift in Sources */ = {isa = PBXBuildFile; fileRef = 102C62752B8F6E6A0064A17B /* CartModel.swift */; };
		102C62782B8F70110064A17B /* SearchModel.swift in Sources */ = {isa = PBXBuildFile; fileRef = 102C62772B8F70110064A17B /* SearchModel.swift */; };
		102C627A2B8F71190064A17B /* FilterModel.swift in Sources */ = {isa = PBXBuildFile; fileRef = 102C62792B8F71190064A17B /* FilterModel.swift */; };
		102C62802B8F79280064A17B /* HomeServices.swift in Sources */ = {isa = PBXBuildFile; fileRef = 102C627F2B8F79280064A17B /* HomeServices.swift */; };
		102C62832B8F7E250064A17B /* TabViews.swift in Sources */ = {isa = PBXBuildFile; fileRef = 102C62822B8F7E250064A17B /* TabViews.swift */; };
		102C62862B8F7EA10064A17B /* Neumorphic in Frameworks */ = {isa = PBXBuildFile; productRef = 102C62852B8F7EA10064A17B /* Neumorphic */; };
		102C62892B8FC5470064A17B /* SearchView.swift in Sources */ = {isa = PBXBuildFile; fileRef = 102C62882B8FC5470064A17B /* SearchView.swift */; };
		102C628C2B8FD2780064A17B /* ProductsListView.swift in Sources */ = {isa = PBXBuildFile; fileRef = 102C628B2B8FD2780064A17B /* ProductsListView.swift */; };
		102C628F2B90A7EB0064A17B /* ProductsListView+Views.swift in Sources */ = {isa = PBXBuildFile; fileRef = 102C628E2B90A7EB0064A17B /* ProductsListView+Views.swift */; };
		102C62912B90B5D50064A17B /* ProductDetailsView.swift in Sources */ = {isa = PBXBuildFile; fileRef = 102C62902B90B5D50064A17B /* ProductDetailsView.swift */; };
/* End PBXBuildFile section */

/* Begin PBXFileReference section */
		101012412B8CB77200C8B0B9 /* KashtatK.app */ = {isa = PBXFileReference; explicitFileType = wrapper.application; includeInIndex = 0; path = KashtatK.app; sourceTree = BUILT_PRODUCTS_DIR; };
		101012442B8CB77200C8B0B9 /* KashtatKApp.swift */ = {isa = PBXFileReference; lastKnownFileType = sourcecode.swift; path = KashtatKApp.swift; sourceTree = "<group>"; };
		101012462B8CB77200C8B0B9 /* HomeView.swift */ = {isa = PBXFileReference; lastKnownFileType = sourcecode.swift; path = HomeView.swift; sourceTree = "<group>"; };
		101012482B8CB77400C8B0B9 /* Assets.xcassets */ = {isa = PBXFileReference; lastKnownFileType = folder.assetcatalog; path = Assets.xcassets; sourceTree = "<group>"; };
		1010124B2B8CB77400C8B0B9 /* Preview Assets.xcassets */ = {isa = PBXFileReference; lastKnownFileType = folder.assetcatalog; path = "Preview Assets.xcassets"; sourceTree = "<group>"; };
		101C507D2B8CE86A00118257 /* Router.swift */ = {isa = PBXFileReference; lastKnownFileType = sourcecode.swift; path = Router.swift; sourceTree = "<group>"; };
		101C507F2B8CE8CA00118257 /* ViewSpec.swift */ = {isa = PBXFileReference; lastKnownFileType = sourcecode.swift; path = ViewSpec.swift; sourceTree = "<group>"; };
		101C50812B8CEAF100118257 /* Views.swift */ = {isa = PBXFileReference; lastKnownFileType = sourcecode.swift; path = Views.swift; sourceTree = "<group>"; };
		101C50852B8CEE3200118257 /* HomeRouter.swift */ = {isa = PBXFileReference; lastKnownFileType = sourcecode.swift; path = HomeRouter.swift; sourceTree = "<group>"; };
		101C50872B8CF9FD00118257 /* BaseNavigationStack.swift */ = {isa = PBXFileReference; lastKnownFileType = sourcecode.swift; path = BaseNavigationStack.swift; sourceTree = "<group>"; };
		101C50952B8D14E600118257 /* Utilities.swift */ = {isa = PBXFileReference; lastKnownFileType = sourcecode.swift; path = Utilities.swift; sourceTree = "<group>"; };
		101C50972B8D151F00118257 /* Constants.swift */ = {isa = PBXFileReference; lastKnownFileType = sourcecode.swift; path = Constants.swift; sourceTree = "<group>"; };
		101C50992B8D15A900118257 /* ThemeManager.swift */ = {isa = PBXFileReference; lastKnownFileType = sourcecode.swift; path = ThemeManager.swift; sourceTree = "<group>"; };
		101C509C2B8E05E900118257 /* EndPoint+Provider.swift */ = {isa = PBXFileReference; lastKnownFileType = sourcecode.swift; path = "EndPoint+Provider.swift"; sourceTree = "<group>"; };
		101C509E2B8E068F00118257 /* API+Error.swift */ = {isa = PBXFileReference; lastKnownFileType = sourcecode.swift; path = "API+Error.swift"; sourceTree = "<group>"; };
		101C50A02B8E06BF00118257 /* Endpoints.swift */ = {isa = PBXFileReference; lastKnownFileType = sourcecode.swift; path = Endpoints.swift; sourceTree = "<group>"; };
		101C50A22B8E071400118257 /* Types.swift */ = {isa = PBXFileReference; lastKnownFileType = sourcecode.swift; path = Types.swift; sourceTree = "<group>"; };
		101C50A42B8E074200118257 /* API+Task.swift */ = {isa = PBXFileReference; lastKnownFileType = sourcecode.swift; path = "API+Task.swift"; sourceTree = "<group>"; };
		101C50A62B8E0D5D00118257 /* ProductsModel.swift */ = {isa = PBXFileReference; lastKnownFileType = sourcecode.swift; path = ProductsModel.swift; sourceTree = "<group>"; };
		101C50A82B8E19BB00118257 /* EndPoint+Config.swift */ = {isa = PBXFileReference; lastKnownFileType = sourcecode.swift; path = "EndPoint+Config.swift"; sourceTree = "<group>"; };
		102C62752B8F6E6A0064A17B /* CartModel.swift */ = {isa = PBXFileReference; lastKnownFileType = sourcecode.swift; path = CartModel.swift; sourceTree = "<group>"; };
		102C62772B8F70110064A17B /* SearchModel.swift */ = {isa = PBXFileReference; lastKnownFileType = sourcecode.swift; path = SearchModel.swift; sourceTree = "<group>"; };
		102C62792B8F71190064A17B /* FilterModel.swift */ = {isa = PBXFileReference; lastKnownFileType = sourcecode.swift; path = FilterModel.swift; sourceTree = "<group>"; };
		102C627F2B8F79280064A17B /* HomeServices.swift */ = {isa = PBXFileReference; lastKnownFileType = sourcecode.swift; path = HomeServices.swift; sourceTree = "<group>"; };
		102C62822B8F7E250064A17B /* TabViews.swift */ = {isa = PBXFileReference; lastKnownFileType = sourcecode.swift; path = TabViews.swift; sourceTree = "<group>"; };
		102C62882B8FC5470064A17B /* SearchView.swift */ = {isa = PBXFileReference; lastKnownFileType = sourcecode.swift; path = SearchView.swift; sourceTree = "<group>"; };
		102C628B2B8FD2780064A17B /* ProductsListView.swift */ = {isa = PBXFileReference; lastKnownFileType = sourcecode.swift; path = ProductsListView.swift; sourceTree = "<group>"; };
		102C628E2B90A7EB0064A17B /* ProductsListView+Views.swift */ = {isa = PBXFileReference; lastKnownFileType = sourcecode.swift; path = "ProductsListView+Views.swift"; sourceTree = "<group>"; };
		102C62902B90B5D50064A17B /* ProductDetailsView.swift */ = {isa = PBXFileReference; lastKnownFileType = sourcecode.swift; path = ProductDetailsView.swift; sourceTree = "<group>"; };
/* End PBXFileReference section */

/* Begin PBXFrameworksBuildPhase section */
		1010123E2B8CB77200C8B0B9 /* Frameworks */ = {
			isa = PBXFrameworksBuildPhase;
			buildActionMask = 2147483647;
			files = (
				102C62862B8F7EA10064A17B /* Neumorphic in Frameworks */,
			);
			runOnlyForDeploymentPostprocessing = 0;
		};
/* End PBXFrameworksBuildPhase section */

/* Begin PBXGroup section */
		101012382B8CB77200C8B0B9 = {
			isa = PBXGroup;
			children = (
				101012432B8CB77200C8B0B9 /* KashtatK */,
				101012422B8CB77200C8B0B9 /* Products */,
			);
			sourceTree = "<group>";
		};
		101012422B8CB77200C8B0B9 /* Products */ = {
			isa = PBXGroup;
			children = (
				101012412B8CB77200C8B0B9 /* KashtatK.app */,
			);
			name = Products;
			sourceTree = "<group>";
		};
		101012432B8CB77200C8B0B9 /* KashtatK */ = {
			isa = PBXGroup;
			children = (
				102C627B2B8F722B0064A17B /* Modules */,
				101C507C2B8CE62300118257 /* Common */,
				101C507B2B8CE60C00118257 /* Theme */,
				101C507A2B8CE60100118257 /* Utilities */,
				101C50792B8CE5E500118257 /* Navigation */,
				101C50782B8CE5A200118257 /* Models */,
				101C50772B8CE59A00118257 /* Services */,
				101012482B8CB77400C8B0B9 /* Assets.xcassets */,
				1010124A2B8CB77400C8B0B9 /* Preview Content */,
			);
			path = KashtatK;
			sourceTree = "<group>";
		};
		1010124A2B8CB77400C8B0B9 /* Preview Content */ = {
			isa = PBXGroup;
			children = (
				1010124B2B8CB77400C8B0B9 /* Preview Assets.xcassets */,
			);
			path = "Preview Content";
			sourceTree = "<group>";
		};
		101C50772B8CE59A00118257 /* Services */ = {
			isa = PBXGroup;
			children = (
				101C509B2B8E05CB00118257 /* NetworkLayer */,
			);
			path = Services;
			sourceTree = "<group>";
		};
		101C50782B8CE5A200118257 /* Models */ = {
			isa = PBXGroup;
			children = (
				101C50A62B8E0D5D00118257 /* ProductsModel.swift */,
				102C62752B8F6E6A0064A17B /* CartModel.swift */,
				102C62772B8F70110064A17B /* SearchModel.swift */,
				102C62792B8F71190064A17B /* FilterModel.swift */,
			);
			path = Models;
			sourceTree = "<group>";
		};
		101C50792B8CE5E500118257 /* Navigation */ = {
			isa = PBXGroup;
			children = (
				101C50842B8CEE2000118257 /* ScreensRouters */,
				101C50832B8CEDFA00118257 /* Structure */,
			);
			path = Navigation;
			sourceTree = "<group>";
		};
		101C507A2B8CE60100118257 /* Utilities */ = {
			isa = PBXGroup;
			children = (
				101C50952B8D14E600118257 /* Utilities.swift */,
				101C50972B8D151F00118257 /* Constants.swift */,
			);
			path = Utilities;
			sourceTree = "<group>";
		};
		101C507B2B8CE60C00118257 /* Theme */ = {
			isa = PBXGroup;
			children = (
				101C50992B8D15A900118257 /* ThemeManager.swift */,
			);
			path = Theme;
			sourceTree = "<group>";
		};
		101C507C2B8CE62300118257 /* Common */ = {
			isa = PBXGroup;
			children = (
				101C50812B8CEAF100118257 /* Views.swift */,
				101C50A22B8E071400118257 /* Types.swift */,
			);
			path = Common;
			sourceTree = "<group>";
		};
		101C50832B8CEDFA00118257 /* Structure */ = {
			isa = PBXGroup;
			children = (
				101C507D2B8CE86A00118257 /* Router.swift */,
				101C507F2B8CE8CA00118257 /* ViewSpec.swift */,
				101C50872B8CF9FD00118257 /* BaseNavigationStack.swift */,
			);
			path = Structure;
			sourceTree = "<group>";
		};
		101C50842B8CEE2000118257 /* ScreensRouters */ = {
			isa = PBXGroup;
			children = (
				101C50852B8CEE3200118257 /* HomeRouter.swift */,
			);
			path = ScreensRouters;
			sourceTree = "<group>";
		};
		101C509B2B8E05CB00118257 /* NetworkLayer */ = {
			isa = PBXGroup;
			children = (
				101C50A02B8E06BF00118257 /* Endpoints.swift */,
				101C509C2B8E05E900118257 /* EndPoint+Provider.swift */,
				101C50A82B8E19BB00118257 /* EndPoint+Config.swift */,
				101C509E2B8E068F00118257 /* API+Error.swift */,
				101C50A42B8E074200118257 /* API+Task.swift */,
			);
			path = NetworkLayer;
			sourceTree = "<group>";
		};
		102C627B2B8F722B0064A17B /* Modules */ = {
			isa = PBXGroup;
			children = (
				102C628A2B8FD2640064A17B /* Products */,
				102C62872B8FC53C0064A17B /* Search */,
				102C62812B8F7E150064A17B /* App */,
				102C627C2B8F72310064A17B /* Home */,
			);
			path = Modules;
			sourceTree = "<group>";
		};
		102C627C2B8F72310064A17B /* Home */ = {
			isa = PBXGroup;
			children = (
				101012462B8CB77200C8B0B9 /* HomeView.swift */,
				102C627F2B8F79280064A17B /* HomeServices.swift */,
			);
			path = Home;
			sourceTree = "<group>";
		};
		102C62812B8F7E150064A17B /* App */ = {
			isa = PBXGroup;
			children = (
				101012442B8CB77200C8B0B9 /* KashtatKApp.swift */,
				102C62822B8F7E250064A17B /* TabViews.swift */,
			);
			path = App;
			sourceTree = "<group>";
		};
		102C62872B8FC53C0064A17B /* Search */ = {
			isa = PBXGroup;
			children = (
				102C62882B8FC5470064A17B /* SearchView.swift */,
			);
			path = Search;
			sourceTree = "<group>";
		};
		102C628A2B8FD2640064A17B /* Products */ = {
			isa = PBXGroup;
			children = (
				102C628B2B8FD2780064A17B /* ProductsListView.swift */,
				102C628E2B90A7EB0064A17B /* ProductsListView+Views.swift */,
				102C62902B90B5D50064A17B /* ProductDetailsView.swift */,
			);
			path = Products;
			sourceTree = "<group>";
		};
/* End PBXGroup section */

/* Begin PBXNativeTarget section */
		101012402B8CB77200C8B0B9 /* KashtatK */ = {
			isa = PBXNativeTarget;
			buildConfigurationList = 1010124F2B8CB77400C8B0B9 /* Build configuration list for PBXNativeTarget "KashtatK" */;
			buildPhases = (
				1010123D2B8CB77200C8B0B9 /* Sources */,
				1010123E2B8CB77200C8B0B9 /* Frameworks */,
				1010123F2B8CB77200C8B0B9 /* Resources */,
			);
			buildRules = (
			);
			dependencies = (
			);
			name = KashtatK;
			packageProductDependencies = (
				102C62852B8F7EA10064A17B /* Neumorphic */,
			);
			productName = KashtatK;
			productReference = 101012412B8CB77200C8B0B9 /* KashtatK.app */;
			productType = "com.apple.product-type.application";
		};
/* End PBXNativeTarget section */

/* Begin PBXProject section */
		101012392B8CB77200C8B0B9 /* Project object */ = {
			isa = PBXProject;
			attributes = {
				BuildIndependentTargetsInParallel = 1;
				LastSwiftUpdateCheck = 1310;
				LastUpgradeCheck = 1310;
				TargetAttributes = {
					101012402B8CB77200C8B0B9 = {
						CreatedOnToolsVersion = 13.1;
					};
				};
			};
			buildConfigurationList = 1010123C2B8CB77200C8B0B9 /* Build configuration list for PBXProject "KashtatK" */;
			compatibilityVersion = "Xcode 13.0";
			developmentRegion = en;
			hasScannedForEncodings = 0;
			knownRegions = (
				en,
				Base,
			);
			mainGroup = 101012382B8CB77200C8B0B9;
			packageReferences = (
				102C62842B8F7EA10064A17B /* XCRemoteSwiftPackageReference "neumorphic" */,
			);
			productRefGroup = 101012422B8CB77200C8B0B9 /* Products */;
			projectDirPath = "";
			projectRoot = "";
			targets = (
				101012402B8CB77200C8B0B9 /* KashtatK */,
			);
		};
/* End PBXProject section */

/* Begin PBXResourcesBuildPhase section */
		1010123F2B8CB77200C8B0B9 /* Resources */ = {
			isa = PBXResourcesBuildPhase;
			buildActionMask = 2147483647;
			files = (
				1010124C2B8CB77400C8B0B9 /* Preview Assets.xcassets in Resources */,
				101012492B8CB77400C8B0B9 /* Assets.xcassets in Resources */,
			);
			runOnlyForDeploymentPostprocessing = 0;
		};
/* End PBXResourcesBuildPhase section */

/* Begin PBXSourcesBuildPhase section */
		1010123D2B8CB77200C8B0B9 /* Sources */ = {
			isa = PBXSourcesBuildPhase;
			buildActionMask = 2147483647;
			files = (
				101012472B8CB77200C8B0B9 /* HomeView.swift in Sources */,
				102C62762B8F6E6A0064A17B /* CartModel.swift in Sources */,
				101C50862B8CEE3200118257 /* HomeRouter.swift in Sources */,
				102C62802B8F79280064A17B /* HomeServices.swift in Sources */,
				101C50A12B8E06BF00118257 /* Endpoints.swift in Sources */,
				101C50A32B8E071400118257 /* Types.swift in Sources */,
				101C507E2B8CE86A00118257 /* Router.swift in Sources */,
				101012452B8CB77200C8B0B9 /* KashtatKApp.swift in Sources */,
				101C509D2B8E05E900118257 /* EndPoint+Provider.swift in Sources */,
				101C509F2B8E068F00118257 /* API+Error.swift in Sources */,
				101C50822B8CEAF100118257 /* Views.swift in Sources */,
				101C50802B8CE8CA00118257 /* ViewSpec.swift in Sources */,
				102C62832B8F7E250064A17B /* TabViews.swift in Sources */,
				102C62892B8FC5470064A17B /* SearchView.swift in Sources */,
				102C628F2B90A7EB0064A17B /* ProductsListView+Views.swift in Sources */,
				101C50962B8D14E600118257 /* Utilities.swift in Sources */,
				101C50A52B8E074200118257 /* API+Task.swift in Sources */,
				101C50A92B8E19BB00118257 /* EndPoint+Config.swift in Sources */,
				101C509A2B8D15A900118257 /* ThemeManager.swift in Sources */,
				102C627A2B8F71190064A17B /* FilterModel.swift in Sources */,
				101C50A72B8E0D5D00118257 /* ProductsModel.swift in Sources */,
				102C628C2B8FD2780064A17B /* ProductsListView.swift in Sources */,
				102C62782B8F70110064A17B /* SearchModel.swift in Sources */,
				102C62912B90B5D50064A17B /* ProductDetailsView.swift in Sources */,
				101C50882B8CF9FD00118257 /* BaseNavigationStack.swift in Sources */,
				101C50982B8D151F00118257 /* Constants.swift in Sources */,
			);
			runOnlyForDeploymentPostprocessing = 0;
		};
/* End PBXSourcesBuildPhase section */

/* Begin XCBuildConfiguration section */
		1010124D2B8CB77400C8B0B9 /* Debug */ = {
			isa = XCBuildConfiguration;
			buildSettings = {
				ALWAYS_SEARCH_USER_PATHS = NO;
				CLANG_ANALYZER_NONNULL = YES;
				CLANG_ANALYZER_NUMBER_OBJECT_CONVERSION = YES_AGGRESSIVE;
				CLANG_CXX_LANGUAGE_STANDARD = "gnu++17";
				CLANG_CXX_LIBRARY = "libc++";
				CLANG_ENABLE_MODULES = YES;
				CLANG_ENABLE_OBJC_ARC = YES;
				CLANG_ENABLE_OBJC_WEAK = YES;
				CLANG_WARN_BLOCK_CAPTURE_AUTORELEASING = YES;
				CLANG_WARN_BOOL_CONVERSION = YES;
				CLANG_WARN_COMMA = YES;
				CLANG_WARN_CONSTANT_CONVERSION = YES;
				CLANG_WARN_DEPRECATED_OBJC_IMPLEMENTATIONS = YES;
				CLANG_WARN_DIRECT_OBJC_ISA_USAGE = YES_ERROR;
				CLANG_WARN_DOCUMENTATION_COMMENTS = YES;
				CLANG_WARN_EMPTY_BODY = YES;
				CLANG_WARN_ENUM_CONVERSION = YES;
				CLANG_WARN_INFINITE_RECURSION = YES;
				CLANG_WARN_INT_CONVERSION = YES;
				CLANG_WARN_NON_LITERAL_NULL_CONVERSION = YES;
				CLANG_WARN_OBJC_IMPLICIT_RETAIN_SELF = YES;
				CLANG_WARN_OBJC_LITERAL_CONVERSION = YES;
				CLANG_WARN_OBJC_ROOT_CLASS = YES_ERROR;
				CLANG_WARN_QUOTED_INCLUDE_IN_FRAMEWORK_HEADER = YES;
				CLANG_WARN_RANGE_LOOP_ANALYSIS = YES;
				CLANG_WARN_STRICT_PROTOTYPES = YES;
				CLANG_WARN_SUSPICIOUS_MOVE = YES;
				CLANG_WARN_UNGUARDED_AVAILABILITY = YES_AGGRESSIVE;
				CLANG_WARN_UNREACHABLE_CODE = YES;
				CLANG_WARN__DUPLICATE_METHOD_MATCH = YES;
				COPY_PHASE_STRIP = NO;
				DEBUG_INFORMATION_FORMAT = dwarf;
				ENABLE_STRICT_OBJC_MSGSEND = YES;
				ENABLE_TESTABILITY = YES;
				GCC_C_LANGUAGE_STANDARD = gnu11;
				GCC_DYNAMIC_NO_PIC = NO;
				GCC_NO_COMMON_BLOCKS = YES;
				GCC_OPTIMIZATION_LEVEL = 0;
				GCC_PREPROCESSOR_DEFINITIONS = (
					"DEBUG=1",
					"$(inherited)",
				);
				GCC_WARN_64_TO_32_BIT_CONVERSION = YES;
				GCC_WARN_ABOUT_RETURN_TYPE = YES_ERROR;
				GCC_WARN_UNDECLARED_SELECTOR = YES;
				GCC_WARN_UNINITIALIZED_AUTOS = YES_AGGRESSIVE;
				GCC_WARN_UNUSED_FUNCTION = YES;
				GCC_WARN_UNUSED_VARIABLE = YES;
				IPHONEOS_DEPLOYMENT_TARGET = 15.0;
				MTL_ENABLE_DEBUG_INFO = INCLUDE_SOURCE;
				MTL_FAST_MATH = YES;
				ONLY_ACTIVE_ARCH = YES;
				SDKROOT = iphoneos;
				SWIFT_ACTIVE_COMPILATION_CONDITIONS = DEBUG;
				SWIFT_OPTIMIZATION_LEVEL = "-Onone";
			};
			name = Debug;
		};
		1010124E2B8CB77400C8B0B9 /* Release */ = {
			isa = XCBuildConfiguration;
			buildSettings = {
				ALWAYS_SEARCH_USER_PATHS = NO;
				CLANG_ANALYZER_NONNULL = YES;
				CLANG_ANALYZER_NUMBER_OBJECT_CONVERSION = YES_AGGRESSIVE;
				CLANG_CXX_LANGUAGE_STANDARD = "gnu++17";
				CLANG_CXX_LIBRARY = "libc++";
				CLANG_ENABLE_MODULES = YES;
				CLANG_ENABLE_OBJC_ARC = YES;
				CLANG_ENABLE_OBJC_WEAK = YES;
				CLANG_WARN_BLOCK_CAPTURE_AUTORELEASING = YES;
				CLANG_WARN_BOOL_CONVERSION = YES;
				CLANG_WARN_COMMA = YES;
				CLANG_WARN_CONSTANT_CONVERSION = YES;
				CLANG_WARN_DEPRECATED_OBJC_IMPLEMENTATIONS = YES;
				CLANG_WARN_DIRECT_OBJC_ISA_USAGE = YES_ERROR;
				CLANG_WARN_DOCUMENTATION_COMMENTS = YES;
				CLANG_WARN_EMPTY_BODY = YES;
				CLANG_WARN_ENUM_CONVERSION = YES;
				CLANG_WARN_INFINITE_RECURSION = YES;
				CLANG_WARN_INT_CONVERSION = YES;
				CLANG_WARN_NON_LITERAL_NULL_CONVERSION = YES;
				CLANG_WARN_OBJC_IMPLICIT_RETAIN_SELF = YES;
				CLANG_WARN_OBJC_LITERAL_CONVERSION = YES;
				CLANG_WARN_OBJC_ROOT_CLASS = YES_ERROR;
				CLANG_WARN_QUOTED_INCLUDE_IN_FRAMEWORK_HEADER = YES;
				CLANG_WARN_RANGE_LOOP_ANALYSIS = YES;
				CLANG_WARN_STRICT_PROTOTYPES = YES;
				CLANG_WARN_SUSPICIOUS_MOVE = YES;
				CLANG_WARN_UNGUARDED_AVAILABILITY = YES_AGGRESSIVE;
				CLANG_WARN_UNREACHABLE_CODE = YES;
				CLANG_WARN__DUPLICATE_METHOD_MATCH = YES;
				COPY_PHASE_STRIP = NO;
				DEBUG_INFORMATION_FORMAT = "dwarf-with-dsym";
				ENABLE_NS_ASSERTIONS = NO;
				ENABLE_STRICT_OBJC_MSGSEND = YES;
				GCC_C_LANGUAGE_STANDARD = gnu11;
				GCC_NO_COMMON_BLOCKS = YES;
				GCC_WARN_64_TO_32_BIT_CONVERSION = YES;
				GCC_WARN_ABOUT_RETURN_TYPE = YES_ERROR;
				GCC_WARN_UNDECLARED_SELECTOR = YES;
				GCC_WARN_UNINITIALIZED_AUTOS = YES_AGGRESSIVE;
				GCC_WARN_UNUSED_FUNCTION = YES;
				GCC_WARN_UNUSED_VARIABLE = YES;
				IPHONEOS_DEPLOYMENT_TARGET = 15.0;
				MTL_ENABLE_DEBUG_INFO = NO;
				MTL_FAST_MATH = YES;
				SDKROOT = iphoneos;
				SWIFT_COMPILATION_MODE = wholemodule;
				SWIFT_OPTIMIZATION_LEVEL = "-O";
				VALIDATE_PRODUCT = YES;
			};
			name = Release;
		};
		101012502B8CB77400C8B0B9 /* Debug */ = {
			isa = XCBuildConfiguration;
			buildSettings = {
				ASSETCATALOG_COMPILER_APPICON_NAME = AppIcon;
				ASSETCATALOG_COMPILER_GLOBAL_ACCENT_COLOR_NAME = AccentColor;
				CODE_SIGN_STYLE = Automatic;
				CURRENT_PROJECT_VERSION = 1;
				DEVELOPMENT_ASSET_PATHS = "\"KashtatK/Preview Content\"";
				DEVELOPMENT_TEAM = RBJ2T4R8F4;
				ENABLE_PREVIEWS = YES;
				GENERATE_INFOPLIST_FILE = YES;
				INFOPLIST_KEY_UIApplicationSceneManifest_Generation = YES;
				INFOPLIST_KEY_UIApplicationSupportsIndirectInputEvents = YES;
				INFOPLIST_KEY_UILaunchScreen_Generation = YES;
				INFOPLIST_KEY_UIStatusBarStyle = "";
				INFOPLIST_KEY_UISupportedInterfaceOrientations_iPad = "UIInterfaceOrientationPortrait UIInterfaceOrientationPortraitUpsideDown UIInterfaceOrientationLandscapeLeft UIInterfaceOrientationLandscapeRight";
				INFOPLIST_KEY_UISupportedInterfaceOrientations_iPhone = "UIInterfaceOrientationPortrait UIInterfaceOrientationLandscapeLeft UIInterfaceOrientationLandscapeRight";
				IPHONEOS_DEPLOYMENT_TARGET = 17.0;
				LD_RUNPATH_SEARCH_PATHS = (
					"$(inherited)",
					"@executable_path/Frameworks",
				);
				MARKETING_VERSION = 1.0;
				PRODUCT_BUNDLE_IDENTIFIER = "Mohammed-Alzuwayyid.KashtatK";
				PRODUCT_NAME = "$(TARGET_NAME)";
				SWIFT_EMIT_LOC_STRINGS = YES;
				SWIFT_VERSION = 5.0;
				TARGETED_DEVICE_FAMILY = "1,2";
			};
			name = Debug;
		};
		101012512B8CB77400C8B0B9 /* Release */ = {
			isa = XCBuildConfiguration;
			buildSettings = {
				ASSETCATALOG_COMPILER_APPICON_NAME = AppIcon;
				ASSETCATALOG_COMPILER_GLOBAL_ACCENT_COLOR_NAME = AccentColor;
				CODE_SIGN_STYLE = Automatic;
				CURRENT_PROJECT_VERSION = 1;
				DEVELOPMENT_ASSET_PATHS = "\"KashtatK/Preview Content\"";
				DEVELOPMENT_TEAM = RBJ2T4R8F4;
				ENABLE_PREVIEWS = YES;
				GENERATE_INFOPLIST_FILE = YES;
				INFOPLIST_KEY_UIApplicationSceneManifest_Generation = YES;
				INFOPLIST_KEY_UIApplicationSupportsIndirectInputEvents = YES;
				INFOPLIST_KEY_UILaunchScreen_Generation = YES;
				INFOPLIST_KEY_UIStatusBarStyle = "";
				INFOPLIST_KEY_UISupportedInterfaceOrientations_iPad = "UIInterfaceOrientationPortrait UIInterfaceOrientationPortraitUpsideDown UIInterfaceOrientationLandscapeLeft UIInterfaceOrientationLandscapeRight";
				INFOPLIST_KEY_UISupportedInterfaceOrientations_iPhone = "UIInterfaceOrientationPortrait UIInterfaceOrientationLandscapeLeft UIInterfaceOrientationLandscapeRight";
				IPHONEOS_DEPLOYMENT_TARGET = 17.0;
				LD_RUNPATH_SEARCH_PATHS = (
					"$(inherited)",
					"@executable_path/Frameworks",
				);
				MARKETING_VERSION = 1.0;
				PRODUCT_BUNDLE_IDENTIFIER = "Mohammed-Alzuwayyid.KashtatK";
				PRODUCT_NAME = "$(TARGET_NAME)";
				SWIFT_EMIT_LOC_STRINGS = YES;
				SWIFT_VERSION = 5.0;
				TARGETED_DEVICE_FAMILY = "1,2";
			};
			name = Release;
		};
/* End XCBuildConfiguration section */

/* Begin XCConfigurationList section */
		1010123C2B8CB77200C8B0B9 /* Build configuration list for PBXProject "KashtatK" */ = {
			isa = XCConfigurationList;
			buildConfigurations = (
				1010124D2B8CB77400C8B0B9 /* Debug */,
				1010124E2B8CB77400C8B0B9 /* Release */,
			);
			defaultConfigurationIsVisible = 0;
			defaultConfigurationName = Release;
		};
		1010124F2B8CB77400C8B0B9 /* Build configuration list for PBXNativeTarget "KashtatK" */ = {
			isa = XCConfigurationList;
			buildConfigurations = (
				101012502B8CB77400C8B0B9 /* Debug */,
				101012512B8CB77400C8B0B9 /* Release */,
			);
			defaultConfigurationIsVisible = 0;
			defaultConfigurationName = Release;
		};
/* End XCConfigurationList section */

/* Begin XCRemoteSwiftPackageReference section */
		102C62842B8F7EA10064A17B /* XCRemoteSwiftPackageReference "neumorphic" */ = {
			isa = XCRemoteSwiftPackageReference;
			repositoryURL = "https://github.com/costachung/neumorphic.git";
			requirement = {
				branch = master;
				kind = branch;
			};
		};
/* End XCRemoteSwiftPackageReference section */

/* Begin XCSwiftPackageProductDependency section */
		102C62852B8F7EA10064A17B /* Neumorphic */ = {
			isa = XCSwiftPackageProductDependency;
			package = 102C62842B8F7EA10064A17B /* XCRemoteSwiftPackageReference "neumorphic" */;
			productName = Neumorphic;
		};
/* End XCSwiftPackageProductDependency section */
	};
	rootObject = 101012392B8CB77200C8B0B9 /* Project object */;
}
